
Microsoft Visual Studio Solution File, Format Version 12.00
# Visual Studio 14
VisualStudioVersion = 14.0.25420.1
MinimumVisualStudioVersion = 10.0.40219.1
Project("{FAE04EC0-301F-11D3-BF4B-00C04F79EFBC}") = "FileMoverModel", "FileMoverModel\FileMoverModel.csproj", "{E477AF67-DE61-4D15-98D6-45BEB1BE9D0D}"
EndProject
Project("{FAE04EC0-301F-11D3-BF4B-00C04F79EFBC}") = "FileMoverUI", "FileMoverUI\FileMoverUI.csproj", "{DC1B8091-1DC4-4DA9-BBCC-15FB34DA1ACB}"
EndProject
Global
	GlobalSection(SolutionConfigurationPlatforms) = preSolution
		Debug|Any CPU = Debug|Any CPU
		Release|Any CPU = Release|Any CPU
	EndGlobalSection
	GlobalSection(ProjectConfigurationPlatforms) = postSolution
		{E477AF67-DE61-4D15-98D6-45BEB1BE9D0D}.Debug|Any CPU.ActiveCfg = Debug|Any CPU
		{E477AF67-DE61-4D15-98D6-45BEB1BE9D0D}.Debug|Any CPU.Build.0 = Debug|Any CPU
		{E477AF67-DE61-4D15-98D6-45BEB1BE9D0D}.Release|Any CPU.ActiveCfg = Release|Any CPU
		{E477AF67-DE61-4D15-98D6-45BEB1BE9D0D}.Release|Any CPU.Build.0 = Release|Any CPU
		{DC1B8091-1DC4-4DA9-BBCC-15FB34DA1ACB}.Debug|Any CPU.ActiveCfg = Debug|Any CPU
		{DC1B8091-1DC4-4DA9-BBCC-15FB34DA1ACB}.Debug|Any CPU.Build.0 = Debug|Any CPU
		{DC1B8091-1DC4-4DA9-BBCC-15FB34DA1ACB}.Release|Any CPU.ActiveCfg = Release|Any CPU
		{DC1B8091-1DC4-4DA9-BBCC-15FB34DA1ACB}.Release|Any CPU.Build.0 = Release|Any CPU
	EndGlobalSection
	GlobalSection(SolutionProperties) = preSolution
		HideSolutionNode = FALSE
	EndGlobalSection
EndGlobal
